{
  "version": 4,
  "terraform_version": "1.7.0",
  "serial": 1,
  "lineage": "dc9908f1-0252-e595-2315-7d57af19b690",
  "outputs": {},
  "resources": [
    {
      "mode": "managed",
      "type": "local_file",
      "name": "example",
      "provider": "provider[\"registry.opentofu.org/hashicorp/local\"]",
      "instances": [
        {
          "schema_version": 0,
          "attributes": {
            "content": "1. Understand Cuelang Syntax and Semantics: Before making changes, ensure a deep understanding of how Cuelang structures configuration data.",
            "content_base64": null,
            "content_base64sha256": "uUYtSFevLAQkssf4j81G29yMbpOWReJZ2PglmU6laTA=",
            "content_base64sha512": "gASmr+hlbmTV5WnghHPfb48XbKTdQTkzM9QU/VPbwfvJea3WMDd0j82zJY/PGhEaqsbWonlTOqMDEeYWFLKx/g==",
            "content_md5": "afe8a0ac82e45a2461489da727c6f43c",
            "content_sha1": "275bd0e8780cc24e4870f593d388e8fac5b8a225",
            "content_sha256": "b9462d4857af2c0424b2c7f88fcd46dbdc8c6e939645e259d8f825994ea56930",
            "content_sha512": "8004a6afe8656e64d5e569e08473df6f8f176ca4dd41393333d414fd53dbc1fbc979add63037748fcdb3258fcf1a111aaac6d6a279533aa30311e61614b2b1fe",
            "directory_permission": "0777",
            "file_permission": "0777",
            "filename": "./output.txt",
            "id": "275bd0e8780cc24e4870f593d388e8fac5b8a225",
            "sensitive_content": null,
            "source": null
          },
          "sensitive_attributes": []
        }
      ]
    }
  ],
  "check_results": null
}
